{
  "name": "thenewdynamic-hugo-core-theme",
  "version": "1.0.0",
  "lockfileVersion": 2,
  "requires": true,
  "packages": {
    "": {
      "name": "thenewdynamic-hugo-core-theme",
      "version": "1.0.0",
      "license": "MIT",
      "devDependencies": {
        "list.js": "^1.5.0"
      }
    },
    "node_modules/list.js": {
      "version": "1.5.0",
      "resolved": "https://registry.npmjs.org/list.js/-/list.js-1.5.0.tgz",
      "integrity": "sha1-pMv8goHd78Av2y0wyHSL+uJfvNo=",
      "dev": true,
      "dependencies": {
        "string-natural-compare": "^2.0.2"
      },
      "engines": {
        "node": ">= 0.10.21"
      }
    },
    "node_modules/string-natural-compare": {
      "version": "2.0.2",
      "resolved": "https://registry.npmjs.org/string-natural-compare/-/string-natural-compare-2.0.2.tgz",
      "integrity": "sha1-xc5OJ4q10SZa5vxVQ1rre3b8sAE=",
      "dev": true
    }
  },
  "dependencies": {
    "list.js": {
      "version": "1.5.0",
      "resolved": "https://registry.npmjs.org/list.js/-/list.js-1.5.0.tgz",
      "integrity": "sha1-pMv8goHd78Av2y0wyHSL+uJfvNo=",
      "dev": true,
      "requires": {
        "string-natural-compare": "^2.0.2"
      }
    },
    "string-natural-compare": {
      "version": "2.0.2",
      "resolved": "https://registry.npmjs.org/string-natural-compare/-/string-natural-compare-2.0.2.tgz",
      "integrity": "sha1-xc5OJ4q10SZa5vxVQ1rre3b8sAE=",
      "dev": true
    }
  }
}
